
Microsoft Visual Studio Solution File, Format Version 12.00
Project("{FAE04EC0-301F-11D3-BF4B-00C04F79EFBC}") = "NancyExpressionsBenchmarks", "NancyExpressionsBenchmarks\NancyExpressionsBenchmarks.csproj", "{7817894E-B932-48C3-B90B-11151E378357}"
EndProject
Project("{FAE04EC0-301F-11D3-BF4B-00C04F79EFBC}") = "Nancy.Expressions", "..\..\..\Nancy.Expressions\Nancy.Expressions\Nancy.Expressions.csproj", "{1990F5DD-C1BD-423A-86C7-4CEEE8360EF9}"
EndProject
Global
	GlobalSection(SolutionConfigurationPlatforms) = preSolution
		Debug|Any CPU = Debug|Any CPU
		Release|Any CPU = Release|Any CPU
	EndGlobalSection
	GlobalSection(ProjectConfigurationPlatforms) = postSolution
		{7817894E-B932-48C3-B90B-11151E378357}.Debug|Any CPU.ActiveCfg = Debug|Any CPU
		{7817894E-B932-48C3-B90B-11151E378357}.Debug|Any CPU.Build.0 = Debug|Any CPU
		{7817894E-B932-48C3-B90B-11151E378357}.Release|Any CPU.ActiveCfg = Release|Any CPU
		{7817894E-B932-48C3-B90B-11151E378357}.Release|Any CPU.Build.0 = Release|Any CPU
		{1990F5DD-C1BD-423A-86C7-4CEEE8360EF9}.Debug|Any CPU.ActiveCfg = Debug|Any CPU
		{1990F5DD-C1BD-423A-86C7-4CEEE8360EF9}.Debug|Any CPU.Build.0 = Debug|Any CPU
		{1990F5DD-C1BD-423A-86C7-4CEEE8360EF9}.Release|Any CPU.ActiveCfg = Release|Any CPU
		{1990F5DD-C1BD-423A-86C7-4CEEE8360EF9}.Release|Any CPU.Build.0 = Release|Any CPU
	EndGlobalSection
EndGlobal
